// !$*UTF8*$!
{
	archiveVersion = 1;
	classes = {
	};
	objectVersion = 46;
	objects = {

/* Begin PBXBuildFile section */
		EB6C37741D07599F00EDC672 /* AWSRNHelper.m in Sources */ = {isa = PBXBuildFile; fileRef = EB6C37731D07599F00EDC672 /* AWSRNHelper.m */; };
		EBFDBABD1CF537160008F9A8 /* AWSRNCognitoCredentials.m in Sources */ = {isa = PBXBuildFile; fileRef = EBFDBABC1CF537160008F9A8 /* AWSRNCognitoCredentials.m */; };
		FB2837D31D751FF50030E9C3 /* AWSCore.framework in Frameworks */ = {isa = PBXBuildFile; fileRef = FB2837D21D751FF50030E9C3 /* AWSCore.framework */; };
/* End PBXBuildFile section */

/* Begin PBXCopyFilesBuildPhase section */
		EBFDBAAD1CF536B60008F9A8 /* CopyFiles */ = {
			isa = PBXCopyFilesBuildPhase;
			buildActionMask = 2147483647;
			dstPath = "include/$(PRODUCT_NAME)";
			dstSubfolderSpec = 16;
			files = (
			);
			runOnlyForDeploymentPostprocessing = 0;
		};
/* End PBXCopyFilesBuildPhase section */

/* Begin PBXFileReference section */
		EB6C37721D07599F00EDC672 /* AWSRNHelper.h */ = {isa = PBXFileReference; fileEncoding = 4; lastKnownFileType = sourcecode.c.h; path = AWSRNHelper.h; sourceTree = "<group>"; };
		EB6C37731D07599F00EDC672 /* AWSRNHelper.m */ = {isa = PBXFileReference; fileEncoding = 4; lastKnownFileType = sourcecode.c.objc; path = AWSRNHelper.m; sourceTree = "<group>"; };
		EBFDBAAF1CF536B60008F9A8 /* libCore.a */ = {isa = PBXFileReference; explicitFileType = archive.ar; includeInIndex = 0; path = libCore.a; sourceTree = BUILT_PRODUCTS_DIR; };
		EBFDBABB1CF537160008F9A8 /* AWSRNCognitoCredentials.h */ = {isa = PBXFileReference; fileEncoding = 4; lastKnownFileType = sourcecode.c.h; path = AWSRNCognitoCredentials.h; sourceTree = "<group>"; };
		EBFDBABC1CF537160008F9A8 /* AWSRNCognitoCredentials.m */ = {isa = PBXFileReference; fileEncoding = 4; lastKnownFileType = sourcecode.c.objc; path = AWSRNCognitoCredentials.m; sourceTree = "<group>"; };
		FB2837D21D751FF50030E9C3 /* AWSCore.framework */ = {isa = PBXFileReference; lastKnownFileType = wrapper.framework; name = AWSCore.framework; path = Frameworks/AWSCore.framework; sourceTree = "<group>"; };
/* End PBXFileReference section */

/* Begin PBXFrameworksBuildPhase section */
		EBFDBAAC1CF536B60008F9A8 /* Frameworks */ = {
			isa = PBXFrameworksBuildPhase;
			buildActionMask = 2147483647;
			files = (
				FB2837D31D751FF50030E9C3 /* AWSCore.framework in Frameworks */,
			);
			runOnlyForDeploymentPostprocessing = 0;
		};
/* End PBXFrameworksBuildPhase section */

/* Begin PBXGroup section */
		EBFDBAA61CF536B60008F9A8 = {
			isa = PBXGroup;
			children = (
				EBFDBABE1CF537730008F9A8 /* Frameworks */,
				EBFDBAB11CF536B60008F9A8 /* Core */,
				EBFDBAB01CF536B60008F9A8 /* Products */,
			);
			sourceTree = "<group>";
		};
		EBFDBAB01CF536B60008F9A8 /* Products */ = {
			isa = PBXGroup;
			children = (
				EBFDBAAF1CF536B60008F9A8 /* libCore.a */,
			);
			name = Products;
			sourceTree = "<group>";
		};
		EBFDBAB11CF536B60008F9A8 /* Core */ = {
			isa = PBXGroup;
			children = (
				EB6C37721D07599F00EDC672 /* AWSRNHelper.h */,
				EB6C37731D07599F00EDC672 /* AWSRNHelper.m */,
				EBFDBABB1CF537160008F9A8 /* AWSRNCognitoCredentials.h */,
				EBFDBABC1CF537160008F9A8 /* AWSRNCognitoCredentials.m */,
			);
			path = Core;
			sourceTree = "<group>";
		};
		EBFDBABE1CF537730008F9A8 /* Frameworks */ = {
			isa = PBXGroup;
			children = (
				FB2837D21D751FF50030E9C3 /* AWSCore.framework */,
			);
			name = Frameworks;
			sourceTree = "<group>";
		};
/* End PBXGroup section */

/* Begin PBXNativeTarget section */
		EBFDBAAE1CF536B60008F9A8 /* Core */ = {
			isa = PBXNativeTarget;
			buildConfigurationList = EBFDBAB81CF536B60008F9A8 /* Build configuration list for PBXNativeTarget "Core" */;
			buildPhases = (
				EBFDBAAB1CF536B60008F9A8 /* Sources */,
				EBFDBAAC1CF536B60008F9A8 /* Frameworks */,
				EBFDBAAD1CF536B60008F9A8 /* CopyFiles */,
				EBFDBAC11CF537DC0008F9A8 /* ShellScript */,
			);
			buildRules = (
			);
			dependencies = (
			);
			name = Core;
			productName = Core;
			productReference = EBFDBAAF1CF536B60008F9A8 /* libCore.a */;
			productType = "com.apple.product-type.library.static";
		};
/* End PBXNativeTarget section */

/* Begin PBXProject section */
		EBFDBAA71CF536B60008F9A8 /* Project object */ = {
			isa = PBXProject;
			attributes = {
				LastUpgradeCheck = 0730;
				ORGANIZATIONNAME = "Amazon Web Services";
				TargetAttributes = {
					EBFDBAAE1CF536B60008F9A8 = {
						CreatedOnToolsVersion = 7.3.1;
					};
				};
			};
			buildConfigurationList = EBFDBAAA1CF536B60008F9A8 /* Build configuration list for PBXProject "Core" */;
			compatibilityVersion = "Xcode 3.2";
			developmentRegion = English;
			hasScannedForEncodings = 0;
			knownRegions = (
				en,
			);
			mainGroup = EBFDBAA61CF536B60008F9A8;
			productRefGroup = EBFDBAB01CF536B60008F9A8 /* Products */;
			projectDirPath = "";
			projectRoot = "";
			targets = (
				EBFDBAAE1CF536B60008F9A8 /* Core */,
			);
		};
/* End PBXProject section */

/* Begin PBXShellScriptBuildPhase section */
		EBFDBAC11CF537DC0008F9A8 /* ShellScript */ = {
			isa = PBXShellScriptBuildPhase;
			buildActionMask = 2147483647;
			files = (
			);
			inputPaths = (
			);
			outputPaths = (
			);
			runOnlyForDeploymentPostprocessing = 0;
			shellPath = /bin/sh;
			shellScript = "bash \"Frameworks/AWSCore.framework/strip-frameworks.sh\"";
		};
/* End PBXShellScriptBuildPhase section */

/* Begin PBXSourcesBuildPhase section */
		EBFDBAAB1CF536B60008F9A8 /* Sources */ = {
			isa = PBXSourcesBuildPhase;
			buildActionMask = 2147483647;
			files = (
				EBFDBABD1CF537160008F9A8 /* AWSRNCognitoCredentials.m in Sources */,
				EB6C37741D07599F00EDC672 /* AWSRNHelper.m in Sources */,
			);
			runOnlyForDeploymentPostprocessing = 0;
		};
/* End PBXSourcesBuildPhase section */

/* Begin XCBuildConfiguration section */
		EBFDBAB61CF536B60008F9A8 /* Debug */ = {
			isa = XCBuildConfiguration;
			buildSettings = {
				ALWAYS_SEARCH_USER_PATHS = NO;
				CLANG_ANALYZER_NONNULL = YES;
				CLANG_CXX_LANGUAGE_STANDARD = "gnu++0x";
				CLANG_CXX_LIBRARY = "libc++";
				CLANG_ENABLE_MODULES = YES;
				CLANG_ENABLE_OBJC_ARC = YES;
				CLANG_WARN_BOOL_CONVERSION = YES;
				CLANG_WARN_CONSTANT_CONVERSION = YES;
				CLANG_WARN_DIRECT_OBJC_ISA_USAGE = YES_ERROR;
				CLANG_WARN_EMPTY_BODY = YES;
				CLANG_WARN_ENUM_CONVERSION = YES;
				CLANG_WARN_INT_CONVERSION = YES;
				CLANG_WARN_OBJC_ROOT_CLASS = YES_ERROR;
				CLANG_WARN_UNREACHABLE_CODE = YES;
				CLANG_WARN__DUPLICATE_METHOD_MATCH = YES;
				"CODE_SIGN_IDENTITY[sdk=iphoneos*]" = "iPhone Developer";
				COPY_PHASE_STRIP = NO;
				DEBUG_INFORMATION_FORMAT = dwarf;
				ENABLE_STRICT_OBJC_MSGSEND = YES;
				ENABLE_TESTABILITY = YES;
				GCC_C_LANGUAGE_STANDARD = gnu99;
				GCC_DYNAMIC_NO_PIC = NO;
				GCC_NO_COMMON_BLOCKS = YES;
				GCC_OPTIMIZATION_LEVEL = 0;
				GCC_PREPROCESSOR_DEFINITIONS = (
					"DEBUG=1",
					"$(inherited)",
				);
				GCC_WARN_64_TO_32_BIT_CONVERSION = YES;
				GCC_WARN_ABOUT_RETURN_TYPE = YES_ERROR;
				GCC_WARN_UNDECLARED_SELECTOR = YES;
				GCC_WARN_UNINITIALIZED_AUTOS = YES_AGGRESSIVE;
				GCC_WARN_UNUSED_FUNCTION = YES;
				GCC_WARN_UNUSED_VARIABLE = YES;
				HEADER_SEARCH_PATHS = (
					"$(SRCROOT)/../../react-native/React/**",
					"../../../../../../react-native/React/**",
					"../../../../../../react-native/React/Base/**",
				);
				IPHONEOS_DEPLOYMENT_TARGET = 9.3;
				MTL_ENABLE_DEBUG_INFO = YES;
				ONLY_ACTIVE_ARCH = YES;
				SDKROOT = iphoneos;
			};
			name = Debug;
		};
		EBFDBAB71CF536B60008F9A8 /* Release */ = {
			isa = XCBuildConfiguration;
			buildSettings = {
				ALWAYS_SEARCH_USER_PATHS = NO;
				CLANG_ANALYZER_NONNULL = YES;
				CLANG_CXX_LANGUAGE_STANDARD = "gnu++0x";
				CLANG_CXX_LIBRARY = "libc++";
				CLANG_ENABLE_MODULES = YES;
				CLANG_ENABLE_OBJC_ARC = YES;
				CLANG_WARN_BOOL_CONVERSION = YES;
				CLANG_WARN_CONSTANT_CONVERSION = YES;
				CLANG_WARN_DIRECT_OBJC_ISA_USAGE = YES_ERROR;
				CLANG_WARN_EMPTY_BODY = YES;
				CLANG_WARN_ENUM_CONVERSION = YES;
				CLANG_WARN_INT_CONVERSION = YES;
				CLANG_WARN_OBJC_ROOT_CLASS = YES_ERROR;
				CLANG_WARN_UNREACHABLE_CODE = YES;
				CLANG_WARN__DUPLICATE_METHOD_MATCH = YES;
				"CODE_SIGN_IDENTITY[sdk=iphoneos*]" = "iPhone Developer";
				COPY_PHASE_STRIP = NO;
				DEBUG_INFORMATION_FORMAT = "dwarf-with-dsym";
				ENABLE_NS_ASSERTIONS = NO;
				ENABLE_STRICT_OBJC_MSGSEND = YES;
				GCC_C_LANGUAGE_STANDARD = gnu99;
				GCC_NO_COMMON_BLOCKS = YES;
				GCC_WARN_64_TO_32_BIT_CONVERSION = YES;
				GCC_WARN_ABOUT_RETURN_TYPE = YES_ERROR;
				GCC_WARN_UNDECLARED_SELECTOR = YES;
				GCC_WARN_UNINITIALIZED_AUTOS = YES_AGGRESSIVE;
				GCC_WARN_UNUSED_FUNCTION = YES;
				GCC_WARN_UNUSED_VARIABLE = YES;
				HEADER_SEARCH_PATHS = (
					"$(SRCROOT)/../../react-native/React/**",
					"../../../../../../react-native/React/**",
					"../../../../../../react-native/React/Base/**",
				);
				IPHONEOS_DEPLOYMENT_TARGET = 9.3;
				MTL_ENABLE_DEBUG_INFO = NO;
				SDKROOT = iphoneos;
				VALIDATE_PRODUCT = YES;
			};
			name = Release;
		};
		EBFDBAB91CF536B60008F9A8 /* Debug */ = {
			isa = XCBuildConfiguration;
			buildSettings = {
				FRAMEWORK_SEARCH_PATHS = (
					"$(inherited)",
					"$(PROJECT_DIR)",
					"$(PROJECT_DIR)/Frameworks",
				);
				HEADER_SEARCH_PATHS = (
					"../../react-native/React/**",
					"../../../../../react-native/React/**",
					"../../../../../../react-native/React/Base/**",
				);
				IPHONEOS_DEPLOYMENT_TARGET = 8.0;
				OTHER_LDFLAGS = "-ObjC";
				PRODUCT_NAME = "$(TARGET_NAME)";
				SKIP_INSTALL = YES;
			};
			name = Debug;
		};
		EBFDBABA1CF536B60008F9A8 /* Release */ = {
			isa = XCBuildConfiguration;
			buildSettings = {
				FRAMEWORK_SEARCH_PATHS = (
					"$(inherited)",
					"$(PROJECT_DIR)",
					"$(PROJECT_DIR)/Frameworks",
				);
				HEADER_SEARCH_PATHS = (
					"../../react-native/React/**",
					"../../../../../react-native/React/**",
					"../../../../../../react-native/React/Base/**",
				);
				IPHONEOS_DEPLOYMENT_TARGET = 8.0;
				OTHER_LDFLAGS = "-ObjC";
				PRODUCT_NAME = "$(TARGET_NAME)";
				SKIP_INSTALL = YES;
			};
			name = Release;
		};
/* End XCBuildConfiguration section */

/* Begin XCConfigurationList section */
		EBFDBAAA1CF536B60008F9A8 /* Build configuration list for PBXProject "Core" */ = {
			isa = XCConfigurationList;
			buildConfigurations = (
				EBFDBAB61CF536B60008F9A8 /* Debug */,
				EBFDBAB71CF536B60008F9A8 /* Release */,
			);
			defaultConfigurationIsVisible = 0;
			defaultConfigurationName = Release;
		};
		EBFDBAB81CF536B60008F9A8 /* Build configuration list for PBXNativeTarget "Core" */ = {
			isa = XCConfigurationList;
			buildConfigurations = (
				EBFDBAB91CF536B60008F9A8 /* Debug */,
				EBFDBABA1CF536B60008F9A8 /* Release */,
			);
			defaultConfigurationIsVisible = 0;
			defaultConfigurationName = Release;
		};
/* End XCConfigurationList section */
	};
	rootObject = EBFDBAA71CF536B60008F9A8 /* Project object */;
}
